
Microsoft Visual Studio Solution File, Format Version 12.00
# Visual Studio Version 16
VisualStudioVersion = 16.0.30114.105
MinimumVisualStudioVersion = 10.0.40219.1
Project("{2150E333-8FDC-42A3-9474-1A3956D46DE8}") = "1-Entidades", "1-Entidades", "{D61E5E14-E70E-4F21-82D7-BA7DD9945B75}"
EndProject
Project("{2150E333-8FDC-42A3-9474-1A3956D46DE8}") = "2-Apresentacao", "2-Apresentacao", "{F0F3E681-D355-4383-84F5-9FF77F63532E}"
EndProject
Project("{2150E333-8FDC-42A3-9474-1A3956D46DE8}") = "3-Repositorios", "3-Repositorios", "{8D6140CD-0269-4675-ACBE-4B0CA2ECE2DE}"
EndProject
Project("{9A19103F-16F7-4668-BE54-9A1E7A4F7556}") = "Projeto.Entidades", "Projeto.Entidades\Projeto.Entidades.csproj", "{7637EBA6-95D5-4190-9FB4-D540EE3BDC61}"
EndProject
Project("{FAE04EC0-301F-11D3-BF4B-00C04F79EFBC}") = "Projeto.Apresentacao", "Projeto.Apresentacao\Projeto.Apresentacao.csproj", "{8047849D-CD6A-47FC-9B08-02B26EAA0E69}"
EndProject
Global
	GlobalSection(SolutionConfigurationPlatforms) = preSolution
		Debug|Any CPU = Debug|Any CPU
		Release|Any CPU = Release|Any CPU
	EndGlobalSection
	GlobalSection(ProjectConfigurationPlatforms) = postSolution
		{7637EBA6-95D5-4190-9FB4-D540EE3BDC61}.Debug|Any CPU.ActiveCfg = Debug|Any CPU
		{7637EBA6-95D5-4190-9FB4-D540EE3BDC61}.Debug|Any CPU.Build.0 = Debug|Any CPU
		{7637EBA6-95D5-4190-9FB4-D540EE3BDC61}.Release|Any CPU.ActiveCfg = Release|Any CPU
		{7637EBA6-95D5-4190-9FB4-D540EE3BDC61}.Release|Any CPU.Build.0 = Release|Any CPU
		{8047849D-CD6A-47FC-9B08-02B26EAA0E69}.Debug|Any CPU.ActiveCfg = Debug|Any CPU
		{8047849D-CD6A-47FC-9B08-02B26EAA0E69}.Debug|Any CPU.Build.0 = Debug|Any CPU
		{8047849D-CD6A-47FC-9B08-02B26EAA0E69}.Release|Any CPU.ActiveCfg = Release|Any CPU
		{8047849D-CD6A-47FC-9B08-02B26EAA0E69}.Release|Any CPU.Build.0 = Release|Any CPU
	EndGlobalSection
	GlobalSection(SolutionProperties) = preSolution
		HideSolutionNode = FALSE
	EndGlobalSection
	GlobalSection(NestedProjects) = preSolution
		{7637EBA6-95D5-4190-9FB4-D540EE3BDC61} = {D61E5E14-E70E-4F21-82D7-BA7DD9945B75}
		{8047849D-CD6A-47FC-9B08-02B26EAA0E69} = {F0F3E681-D355-4383-84F5-9FF77F63532E}
	EndGlobalSection
	GlobalSection(ExtensibilityGlobals) = postSolution
		SolutionGuid = {3CFC2F7B-D115-43E4-80AA-99AB53B1AEDD}
	EndGlobalSection
EndGlobal
